
Microsoft Visual Studio Solution File, Format Version 12.00
# Visual Studio Version 16
VisualStudioVersion = 16.0.29025.244
MinimumVisualStudioVersion = 10.0.40219.1
Project("{FAE04EC0-301F-11D3-BF4B-00C04F79EFBC}") = "DDTV_New", "DDTV_New\DDTV_New.csproj", "{AE08382F-4EDA-4E52-B453-FE5DCA9F69BF}"
EndProject
Project("{FAE04EC0-301F-11D3-BF4B-00C04F79EFBC}") = "DDTV_TCP服务端", "DDTV_TCP服务端\DDTV_TCP服务端.csproj", "{57E5E800-6355-489F-9C1C-B9D10F1570AE}"
EndProject
Project("{FAE04EC0-301F-11D3-BF4B-00C04F79EFBC}") = "Auxiliary", "Auxiliary\Auxiliary.csproj", "{B9797A7B-D297-4BBA-B54F-13C366CDDE49}"
EndProject
Project("{FAE04EC0-301F-11D3-BF4B-00C04F79EFBC}") = "播放器", "播放器\播放器.csproj", "{6403D03F-E6B4-4B9F-A8AE-E0D8F674B8B8}"
EndProject
Project("{FAE04EC0-301F-11D3-BF4B-00C04F79EFBC}") = "PlayW", "PlayW\PlayW.csproj", "{81E4256F-71E7-48A8-89B6-DE2DDF68FA0C}"
EndProject
Project("{FAE04EC0-301F-11D3-BF4B-00C04F79EFBC}") = "启动器2.0", "启动器2.0\启动器2.0.csproj", "{22D00542-4E2F-443D-BC26-E0E1DC3ACACC}"
EndProject
Project("{2150E333-8FDC-42A3-9474-1A3956D46DE8}") = "Solution Items", "Solution Items", "{19CB56C7-7BED-4D74-A8C4-0A4FDC22881C}"
	ProjectSection(SolutionItems) = preProject
		.editorconfig = .editorconfig
	EndProjectSection
EndProject
Project("{FAE04EC0-301F-11D3-BF4B-00C04F79EFBC}") = "DD米线", "DD米线\DD米线.csproj", "{90404A0D-610C-451D-8929-E79C9C0F2E99}"
EndProject
Project("{9A19103F-16F7-4668-BE54-9A1E7A4F7556}") = "DDTVLiveRec", "DDTVLiveRec\DDTVLiveRec.csproj", "{E8F66FBA-3D3F-442E-9AF7-8892AB2A38DF}"
EndProject
Project("{9A19103F-16F7-4668-BE54-9A1E7A4F7556}") = "DDTVLiveRecWebServer", "DDTVLiveRecWebServer\DDTVLiveRecWebServer.csproj", "{4EFD5FD1-F206-4297-86EA-498B7BB7CEB7}"
EndProject
Global
	GlobalSection(SolutionConfigurationPlatforms) = preSolution
		Debug|Any CPU = Debug|Any CPU
		Debug|x64 = Debug|x64
		Debug|x86 = Debug|x86
		Release|Any CPU = Release|Any CPU
		Release|x64 = Release|x64
		Release|x86 = Release|x86
	EndGlobalSection
	GlobalSection(ProjectConfigurationPlatforms) = postSolution
		{AE08382F-4EDA-4E52-B453-FE5DCA9F69BF}.Debug|Any CPU.ActiveCfg = Debug|Any CPU
		{AE08382F-4EDA-4E52-B453-FE5DCA9F69BF}.Debug|Any CPU.Build.0 = Debug|Any CPU
		{AE08382F-4EDA-4E52-B453-FE5DCA9F69BF}.Debug|x64.ActiveCfg = Debug|Any CPU
		{AE08382F-4EDA-4E52-B453-FE5DCA9F69BF}.Debug|x64.Build.0 = Debug|Any CPU
		{AE08382F-4EDA-4E52-B453-FE5DCA9F69BF}.Debug|x86.ActiveCfg = Debug|x86
		{AE08382F-4EDA-4E52-B453-FE5DCA9F69BF}.Debug|x86.Build.0 = Debug|x86
		{AE08382F-4EDA-4E52-B453-FE5DCA9F69BF}.Release|Any CPU.ActiveCfg = Release|Any CPU
		{AE08382F-4EDA-4E52-B453-FE5DCA9F69BF}.Release|Any CPU.Build.0 = Release|Any CPU
		{AE08382F-4EDA-4E52-B453-FE5DCA9F69BF}.Release|x64.ActiveCfg = Release|Any CPU
		{AE08382F-4EDA-4E52-B453-FE5DCA9F69BF}.Release|x64.Build.0 = Release|Any CPU
		{AE08382F-4EDA-4E52-B453-FE5DCA9F69BF}.Release|x86.ActiveCfg = Release|x86
		{AE08382F-4EDA-4E52-B453-FE5DCA9F69BF}.Release|x86.Build.0 = Release|x86
		{57E5E800-6355-489F-9C1C-B9D10F1570AE}.Debug|Any CPU.ActiveCfg = Debug|Any CPU
		{57E5E800-6355-489F-9C1C-B9D10F1570AE}.Debug|Any CPU.Build.0 = Debug|Any CPU
		{57E5E800-6355-489F-9C1C-B9D10F1570AE}.Debug|x64.ActiveCfg = Debug|Any CPU
		{57E5E800-6355-489F-9C1C-B9D10F1570AE}.Debug|x64.Build.0 = Debug|Any CPU
		{57E5E800-6355-489F-9C1C-B9D10F1570AE}.Debug|x86.ActiveCfg = Debug|x86
		{57E5E800-6355-489F-9C1C-B9D10F1570AE}.Debug|x86.Build.0 = Debug|x86
		{57E5E800-6355-489F-9C1C-B9D10F1570AE}.Release|Any CPU.ActiveCfg = Release|Any CPU
		{57E5E800-6355-489F-9C1C-B9D10F1570AE}.Release|Any CPU.Build.0 = Release|Any CPU
		{57E5E800-6355-489F-9C1C-B9D10F1570AE}.Release|x64.ActiveCfg = Release|Any CPU
		{57E5E800-6355-489F-9C1C-B9D10F1570AE}.Release|x64.Build.0 = Release|Any CPU
		{57E5E800-6355-489F-9C1C-B9D10F1570AE}.Release|x86.ActiveCfg = Release|x86
		{57E5E800-6355-489F-9C1C-B9D10F1570AE}.Release|x86.Build.0 = Release|x86
		{B9797A7B-D297-4BBA-B54F-13C366CDDE49}.Debug|Any CPU.ActiveCfg = Debug|Any CPU
		{B9797A7B-D297-4BBA-B54F-13C366CDDE49}.Debug|Any CPU.Build.0 = Debug|Any CPU
		{B9797A7B-D297-4BBA-B54F-13C366CDDE49}.Debug|x64.ActiveCfg = Debug|Any CPU
		{B9797A7B-D297-4BBA-B54F-13C366CDDE49}.Debug|x64.Build.0 = Debug|Any CPU
		{B9797A7B-D297-4BBA-B54F-13C366CDDE49}.Debug|x86.ActiveCfg = Debug|x86
		{B9797A7B-D297-4BBA-B54F-13C366CDDE49}.Debug|x86.Build.0 = Debug|x86
		{B9797A7B-D297-4BBA-B54F-13C366CDDE49}.Release|Any CPU.ActiveCfg = Release|Any CPU
		{B9797A7B-D297-4BBA-B54F-13C366CDDE49}.Release|Any CPU.Build.0 = Release|Any CPU
		{B9797A7B-D297-4BBA-B54F-13C366CDDE49}.Release|x64.ActiveCfg = Release|x64
		{B9797A7B-D297-4BBA-B54F-13C366CDDE49}.Release|x64.Build.0 = Release|x64
		{B9797A7B-D297-4BBA-B54F-13C366CDDE49}.Release|x86.ActiveCfg = Release|x86
		{B9797A7B-D297-4BBA-B54F-13C366CDDE49}.Release|x86.Build.0 = Release|x86
		{6403D03F-E6B4-4B9F-A8AE-E0D8F674B8B8}.Debug|Any CPU.ActiveCfg = Debug|Any CPU
		{6403D03F-E6B4-4B9F-A8AE-E0D8F674B8B8}.Debug|Any CPU.Build.0 = Debug|Any CPU
		{6403D03F-E6B4-4B9F-A8AE-E0D8F674B8B8}.Debug|x64.ActiveCfg = Debug|Any CPU
		{6403D03F-E6B4-4B9F-A8AE-E0D8F674B8B8}.Debug|x64.Build.0 = Debug|Any CPU
		{6403D03F-E6B4-4B9F-A8AE-E0D8F674B8B8}.Debug|x86.ActiveCfg = Debug|x86
		{6403D03F-E6B4-4B9F-A8AE-E0D8F674B8B8}.Debug|x86.Build.0 = Debug|x86
		{6403D03F-E6B4-4B9F-A8AE-E0D8F674B8B8}.Release|Any CPU.ActiveCfg = Release|Any CPU
		{6403D03F-E6B4-4B9F-A8AE-E0D8F674B8B8}.Release|Any CPU.Build.0 = Release|Any CPU
		{6403D03F-E6B4-4B9F-A8AE-E0D8F674B8B8}.Release|x64.ActiveCfg = Release|Any CPU
		{6403D03F-E6B4-4B9F-A8AE-E0D8F674B8B8}.Release|x64.Build.0 = Release|Any CPU
		{6403D03F-E6B4-4B9F-A8AE-E0D8F674B8B8}.Release|x86.ActiveCfg = Release|x86
		{6403D03F-E6B4-4B9F-A8AE-E0D8F674B8B8}.Release|x86.Build.0 = Release|x86
		{81E4256F-71E7-48A8-89B6-DE2DDF68FA0C}.Debug|Any CPU.ActiveCfg = Debug|Any CPU
		{81E4256F-71E7-48A8-89B6-DE2DDF68FA0C}.Debug|Any CPU.Build.0 = Debug|Any CPU
		{81E4256F-71E7-48A8-89B6-DE2DDF68FA0C}.Debug|x64.ActiveCfg = Debug|Any CPU
		{81E4256F-71E7-48A8-89B6-DE2DDF68FA0C}.Debug|x64.Build.0 = Debug|Any CPU
		{81E4256F-71E7-48A8-89B6-DE2DDF68FA0C}.Debug|x86.ActiveCfg = Debug|x86
		{81E4256F-71E7-48A8-89B6-DE2DDF68FA0C}.Debug|x86.Build.0 = Debug|x86
		{81E4256F-71E7-48A8-89B6-DE2DDF68FA0C}.Release|Any CPU.ActiveCfg = Release|Any CPU
		{81E4256F-71E7-48A8-89B6-DE2DDF68FA0C}.Release|Any CPU.Build.0 = Release|Any CPU
		{81E4256F-71E7-48A8-89B6-DE2DDF68FA0C}.Release|x64.ActiveCfg = Release|Any CPU
		{81E4256F-71E7-48A8-89B6-DE2DDF68FA0C}.Release|x64.Build.0 = Release|Any CPU
		{81E4256F-71E7-48A8-89B6-DE2DDF68FA0C}.Release|x86.ActiveCfg = Release|x86
		{81E4256F-71E7-48A8-89B6-DE2DDF68FA0C}.Release|x86.Build.0 = Release|x86
		{22D00542-4E2F-443D-BC26-E0E1DC3ACACC}.Debug|Any CPU.ActiveCfg = Debug|Any CPU
		{22D00542-4E2F-443D-BC26-E0E1DC3ACACC}.Debug|Any CPU.Build.0 = Debug|Any CPU
		{22D00542-4E2F-443D-BC26-E0E1DC3ACACC}.Debug|x64.ActiveCfg = Debug|Any CPU
		{22D00542-4E2F-443D-BC26-E0E1DC3ACACC}.Debug|x64.Build.0 = Debug|Any CPU
		{22D00542-4E2F-443D-BC26-E0E1DC3ACACC}.Debug|x86.ActiveCfg = Debug|x86
		{22D00542-4E2F-443D-BC26-E0E1DC3ACACC}.Debug|x86.Build.0 = Debug|x86
		{22D00542-4E2F-443D-BC26-E0E1DC3ACACC}.Release|Any CPU.ActiveCfg = Release|Any CPU
		{22D00542-4E2F-443D-BC26-E0E1DC3ACACC}.Release|Any CPU.Build.0 = Release|Any CPU
		{22D00542-4E2F-443D-BC26-E0E1DC3ACACC}.Release|x64.ActiveCfg = Release|Any CPU
		{22D00542-4E2F-443D-BC26-E0E1DC3ACACC}.Release|x64.Build.0 = Release|Any CPU
		{22D00542-4E2F-443D-BC26-E0E1DC3ACACC}.Release|x86.ActiveCfg = Release|x86
		{22D00542-4E2F-443D-BC26-E0E1DC3ACACC}.Release|x86.Build.0 = Release|x86
		{90404A0D-610C-451D-8929-E79C9C0F2E99}.Debug|Any CPU.ActiveCfg = Debug|Any CPU
		{90404A0D-610C-451D-8929-E79C9C0F2E99}.Debug|Any CPU.Build.0 = Debug|Any CPU
		{90404A0D-610C-451D-8929-E79C9C0F2E99}.Debug|x64.ActiveCfg = Debug|Any CPU
		{90404A0D-610C-451D-8929-E79C9C0F2E99}.Debug|x64.Build.0 = Debug|Any CPU
		{90404A0D-610C-451D-8929-E79C9C0F2E99}.Debug|x86.ActiveCfg = Debug|Any CPU
		{90404A0D-610C-451D-8929-E79C9C0F2E99}.Debug|x86.Build.0 = Debug|Any CPU
		{90404A0D-610C-451D-8929-E79C9C0F2E99}.Release|Any CPU.ActiveCfg = Release|Any CPU
		{90404A0D-610C-451D-8929-E79C9C0F2E99}.Release|Any CPU.Build.0 = Release|Any CPU
		{90404A0D-610C-451D-8929-E79C9C0F2E99}.Release|x64.ActiveCfg = Release|Any CPU
		{90404A0D-610C-451D-8929-E79C9C0F2E99}.Release|x64.Build.0 = Release|Any CPU
		{90404A0D-610C-451D-8929-E79C9C0F2E99}.Release|x86.ActiveCfg = Release|Any CPU
		{90404A0D-610C-451D-8929-E79C9C0F2E99}.Release|x86.Build.0 = Release|Any CPU
		{E8F66FBA-3D3F-442E-9AF7-8892AB2A38DF}.Debug|Any CPU.ActiveCfg = Debug|Any CPU
		{E8F66FBA-3D3F-442E-9AF7-8892AB2A38DF}.Debug|Any CPU.Build.0 = Debug|Any CPU
		{E8F66FBA-3D3F-442E-9AF7-8892AB2A38DF}.Debug|x64.ActiveCfg = Debug|Any CPU
		{E8F66FBA-3D3F-442E-9AF7-8892AB2A38DF}.Debug|x64.Build.0 = Debug|Any CPU
		{E8F66FBA-3D3F-442E-9AF7-8892AB2A38DF}.Debug|x86.ActiveCfg = Debug|Any CPU
		{E8F66FBA-3D3F-442E-9AF7-8892AB2A38DF}.Debug|x86.Build.0 = Debug|Any CPU
		{E8F66FBA-3D3F-442E-9AF7-8892AB2A38DF}.Release|Any CPU.ActiveCfg = Release|Any CPU
		{E8F66FBA-3D3F-442E-9AF7-8892AB2A38DF}.Release|Any CPU.Build.0 = Release|Any CPU
		{E8F66FBA-3D3F-442E-9AF7-8892AB2A38DF}.Release|x64.ActiveCfg = Release|Any CPU
		{E8F66FBA-3D3F-442E-9AF7-8892AB2A38DF}.Release|x64.Build.0 = Release|Any CPU
		{E8F66FBA-3D3F-442E-9AF7-8892AB2A38DF}.Release|x86.ActiveCfg = Release|Any CPU
		{E8F66FBA-3D3F-442E-9AF7-8892AB2A38DF}.Release|x86.Build.0 = Release|Any CPU
		{4EFD5FD1-F206-4297-86EA-498B7BB7CEB7}.Debug|Any CPU.ActiveCfg = Debug|Any CPU
		{4EFD5FD1-F206-4297-86EA-498B7BB7CEB7}.Debug|Any CPU.Build.0 = Debug|Any CPU
		{4EFD5FD1-F206-4297-86EA-498B7BB7CEB7}.Debug|x64.ActiveCfg = Debug|Any CPU
		{4EFD5FD1-F206-4297-86EA-498B7BB7CEB7}.Debug|x64.Build.0 = Debug|Any CPU
		{4EFD5FD1-F206-4297-86EA-498B7BB7CEB7}.Debug|x86.ActiveCfg = Debug|Any CPU
		{4EFD5FD1-F206-4297-86EA-498B7BB7CEB7}.Debug|x86.Build.0 = Debug|Any CPU
		{4EFD5FD1-F206-4297-86EA-498B7BB7CEB7}.Release|Any CPU.ActiveCfg = Release|Any CPU
		{4EFD5FD1-F206-4297-86EA-498B7BB7CEB7}.Release|Any CPU.Build.0 = Release|Any CPU
		{4EFD5FD1-F206-4297-86EA-498B7BB7CEB7}.Release|x64.ActiveCfg = Release|Any CPU
		{4EFD5FD1-F206-4297-86EA-498B7BB7CEB7}.Release|x64.Build.0 = Release|Any CPU
		{4EFD5FD1-F206-4297-86EA-498B7BB7CEB7}.Release|x86.ActiveCfg = Release|Any CPU
		{4EFD5FD1-F206-4297-86EA-498B7BB7CEB7}.Release|x86.Build.0 = Release|Any CPU
	EndGlobalSection
	GlobalSection(SolutionProperties) = preSolution
		HideSolutionNode = FALSE
	EndGlobalSection
	GlobalSection(ExtensibilityGlobals) = postSolution
		SolutionGuid = {31C9C883-4433-4FB5-A070-860CCCB83088}
	EndGlobalSection
EndGlobal
