
Microsoft Visual Studio Solution File, Format Version 12.00
# Visual Studio Version 17
VisualStudioVersion = 17.0.31903.59
MinimumVisualStudioVersion = 10.0.40219.1
Project("{2150E333-8FDC-42A3-9474-1A3956D46DE8}") = "Solution Items", "Solution Items", "{3E47FBBA-EE75-4959-B060-A31FF1AF53C1}"
	ProjectSection(SolutionItems) = preProject
		.editorconfig = .editorconfig
	EndProjectSection
EndProject
Project("{9A19103F-16F7-4668-BE54-9A1E7A4F7556}") = "Core", "Core\Core.csproj", "{8D196886-4799-43F4-858D-C30BFEAD7ACC}"
EndProject
Project("{9A19103F-16F7-4668-BE54-9A1E7A4F7556}") = "TestProject", "TestProject\TestProject.csproj", "{7604C2A8-B454-48E9-8C51-30A0D10CF55C}"
EndProject
Global
	GlobalSection(SolutionConfigurationPlatforms) = preSolution
		Debug|Any CPU = Debug|Any CPU
		Release|Any CPU = Release|Any CPU
	EndGlobalSection
	GlobalSection(ProjectConfigurationPlatforms) = postSolution
		{8D196886-4799-43F4-858D-C30BFEAD7ACC}.Debug|Any CPU.ActiveCfg = Debug|Any CPU
		{8D196886-4799-43F4-858D-C30BFEAD7ACC}.Debug|Any CPU.Build.0 = Debug|Any CPU
		{8D196886-4799-43F4-858D-C30BFEAD7ACC}.Release|Any CPU.ActiveCfg = Release|Any CPU
		{8D196886-4799-43F4-858D-C30BFEAD7ACC}.Release|Any CPU.Build.0 = Release|Any CPU
		{7604C2A8-B454-48E9-8C51-30A0D10CF55C}.Debug|Any CPU.ActiveCfg = Debug|Any CPU
		{7604C2A8-B454-48E9-8C51-30A0D10CF55C}.Debug|Any CPU.Build.0 = Debug|Any CPU
		{7604C2A8-B454-48E9-8C51-30A0D10CF55C}.Release|Any CPU.ActiveCfg = Release|Any CPU
		{7604C2A8-B454-48E9-8C51-30A0D10CF55C}.Release|Any CPU.Build.0 = Release|Any CPU
	EndGlobalSection
	GlobalSection(SolutionProperties) = preSolution
		HideSolutionNode = FALSE
	EndGlobalSection
	GlobalSection(ExtensibilityGlobals) = postSolution
		SolutionGuid = {31C9C883-4433-4FB5-A070-860CCCB83088}
	EndGlobalSection
EndGlobal
