
Microsoft Visual Studio Solution File, Format Version 12.00
# Visual Studio Version 16
VisualStudioVersion = 16.0.29025.244
MinimumVisualStudioVersion = 10.0.40219.1
Project("{FAE04EC0-301F-11D3-BF4B-00C04F79EFBC}") = "DDTV_New", "DDTV_New\DDTV_New.csproj", "{AE08382F-4EDA-4E52-B453-FE5DCA9F69BF}"
EndProject
Project("{FAE04EC0-301F-11D3-BF4B-00C04F79EFBC}") = "DDTV_TCP服务端", "DDTV_TCP服务端\DDTV_TCP服务端.csproj", "{57E5E800-6355-489F-9C1C-B9D10F1570AE}"
EndProject
Project("{9A19103F-16F7-4668-BE54-9A1E7A4F7556}") = "Auxiliary", "Auxiliary\Auxiliary.csproj", "{B9797A7B-D297-4BBA-B54F-13C366CDDE49}"
EndProject
Project("{FAE04EC0-301F-11D3-BF4B-00C04F79EFBC}") = "PlayW", "PlayW\PlayW.csproj", "{81E4256F-71E7-48A8-89B6-DE2DDF68FA0C}"
EndProject
Project("{2150E333-8FDC-42A3-9474-1A3956D46DE8}") = "Solution Items", "Solution Items", "{19CB56C7-7BED-4D74-A8C4-0A4FDC22881C}"
	ProjectSection(SolutionItems) = preProject
		.editorconfig = .editorconfig
	EndProjectSection
EndProject
Project("{9A19103F-16F7-4668-BE54-9A1E7A4F7556}") = "DDTVLiveRec", "DDTVLiveRec\DDTVLiveRec.csproj", "{E8F66FBA-3D3F-442E-9AF7-8892AB2A38DF}"
EndProject
Project("{9A19103F-16F7-4668-BE54-9A1E7A4F7556}") = "DDTVLiveRecWebServer", "DDTVLiveRecWebServer\DDTVLiveRecWebServer.csproj", "{4EFD5FD1-F206-4297-86EA-498B7BB7CEB7}"
EndProject
Project("{9A19103F-16F7-4668-BE54-9A1E7A4F7556}") = "OSS_Updeta", "OSS_Updeta\OSS_Updeta.csproj", "{0EA7806F-0A7E-4FE0-9269-972172111CD3}"
EndProject
Project("{FAE04EC0-301F-11D3-BF4B-00C04F79EFBC}") = "DDTV_Update", "DDTV_Update\DDTV_Update.csproj", "{30DAF786-5635-4371-A620-CD5024534ECC}"
EndProject
Project("{FAE04EC0-301F-11D3-BF4B-00C04F79EFBC}") = "礼物播报", "礼物播报\礼物播报.csproj", "{7ACF79B7-1FBD-41C2-B745-34A0FD93F626}"
EndProject
Project("{9A19103F-16F7-4668-BE54-9A1E7A4F7556}") = "DDTV服务端_Core", "DDTV服务端_Core\DDTV服务端_Core.csproj", "{76055652-64A3-4999-9C40-B5A451484F69}"
EndProject
Project("{FAE04EC0-301F-11D3-BF4B-00C04F79EFBC}") = "DDTVLiveRecService", "DDTVLiveRecService\DDTVLiveRecService.csproj", "{1CC9AE9E-274D-4762-8C21-AB017E39B765}"
EndProject
Project("{9A19103F-16F7-4668-BE54-9A1E7A4F7556}") = "bilibili直播间监控服务端", "bilibili直播间监控服务端\bilibili直播间监控服务端.csproj", "{8BCE55AA-359D-4190-8BC0-F0768420D02F}"
EndProject
Project("{FAE04EC0-301F-11D3-BF4B-00C04F79EFBC}") = "DDTVRoomConfig", "DDTVRoomConfig\DDTVRoomConfig.csproj", "{39C3F9CA-A3B7-46C4-9314-677EB3353BA8}"
EndProject
Project("{9A19103F-16F7-4668-BE54-9A1E7A4F7556}") = "主站视频下载工具", "主站视频下载工具\主站视频下载工具.csproj", "{C58A5BB6-E276-4A3D-B99B-2F9A92F37BA5}"
EndProject
Project("{9A19103F-16F7-4668-BE54-9A1E7A4F7556}") = "flv合并转码工具", "flv合并转码工具\flv合并转码工具.csproj", "{60BDBCBA-A65D-4C7A-B773-B901AA9B359C}"
EndProject
Project("{FAE04EC0-301F-11D3-BF4B-00C04F79EFBC}") = "DD_Phone", "DD_Phone\DD_Phone.csproj", "{C12559B9-4AAC-48CD-B088-1CD6E60916BA}"
EndProject
Global
	GlobalSection(SolutionConfigurationPlatforms) = preSolution
		Debug|Any CPU = Debug|Any CPU
		Debug|x64 = Debug|x64
		Debug|x86 = Debug|x86
		Release|Any CPU = Release|Any CPU
		Release|x64 = Release|x64
		Release|x86 = Release|x86
	EndGlobalSection
	GlobalSection(ProjectConfigurationPlatforms) = postSolution
		{AE08382F-4EDA-4E52-B453-FE5DCA9F69BF}.Debug|Any CPU.ActiveCfg = Debug|Any CPU
		{AE08382F-4EDA-4E52-B453-FE5DCA9F69BF}.Debug|Any CPU.Build.0 = Debug|Any CPU
		{AE08382F-4EDA-4E52-B453-FE5DCA9F69BF}.Debug|x64.ActiveCfg = Debug|Any CPU
		{AE08382F-4EDA-4E52-B453-FE5DCA9F69BF}.Debug|x64.Build.0 = Debug|Any CPU
		{AE08382F-4EDA-4E52-B453-FE5DCA9F69BF}.Debug|x86.ActiveCfg = Debug|x86
		{AE08382F-4EDA-4E52-B453-FE5DCA9F69BF}.Debug|x86.Build.0 = Debug|x86
		{AE08382F-4EDA-4E52-B453-FE5DCA9F69BF}.Release|Any CPU.ActiveCfg = Release|Any CPU
		{AE08382F-4EDA-4E52-B453-FE5DCA9F69BF}.Release|Any CPU.Build.0 = Release|Any CPU
		{AE08382F-4EDA-4E52-B453-FE5DCA9F69BF}.Release|x64.ActiveCfg = Release|Any CPU
		{AE08382F-4EDA-4E52-B453-FE5DCA9F69BF}.Release|x64.Build.0 = Release|Any CPU
		{AE08382F-4EDA-4E52-B453-FE5DCA9F69BF}.Release|x86.ActiveCfg = Release|x86
		{AE08382F-4EDA-4E52-B453-FE5DCA9F69BF}.Release|x86.Build.0 = Release|x86
		{57E5E800-6355-489F-9C1C-B9D10F1570AE}.Debug|Any CPU.ActiveCfg = Debug|Any CPU
		{57E5E800-6355-489F-9C1C-B9D10F1570AE}.Debug|Any CPU.Build.0 = Debug|Any CPU
		{57E5E800-6355-489F-9C1C-B9D10F1570AE}.Debug|x64.ActiveCfg = Debug|Any CPU
		{57E5E800-6355-489F-9C1C-B9D10F1570AE}.Debug|x64.Build.0 = Debug|Any CPU
		{57E5E800-6355-489F-9C1C-B9D10F1570AE}.Debug|x86.ActiveCfg = Debug|x86
		{57E5E800-6355-489F-9C1C-B9D10F1570AE}.Debug|x86.Build.0 = Debug|x86
		{57E5E800-6355-489F-9C1C-B9D10F1570AE}.Release|Any CPU.ActiveCfg = Release|Any CPU
		{57E5E800-6355-489F-9C1C-B9D10F1570AE}.Release|Any CPU.Build.0 = Release|Any CPU
		{57E5E800-6355-489F-9C1C-B9D10F1570AE}.Release|x64.ActiveCfg = Release|Any CPU
		{57E5E800-6355-489F-9C1C-B9D10F1570AE}.Release|x64.Build.0 = Release|Any CPU
		{57E5E800-6355-489F-9C1C-B9D10F1570AE}.Release|x86.ActiveCfg = Release|x86
		{57E5E800-6355-489F-9C1C-B9D10F1570AE}.Release|x86.Build.0 = Release|x86
		{B9797A7B-D297-4BBA-B54F-13C366CDDE49}.Debug|Any CPU.ActiveCfg = Debug|Any CPU
		{B9797A7B-D297-4BBA-B54F-13C366CDDE49}.Debug|Any CPU.Build.0 = Debug|Any CPU
		{B9797A7B-D297-4BBA-B54F-13C366CDDE49}.Debug|x64.ActiveCfg = Debug|Any CPU
		{B9797A7B-D297-4BBA-B54F-13C366CDDE49}.Debug|x64.Build.0 = Debug|Any CPU
		{B9797A7B-D297-4BBA-B54F-13C366CDDE49}.Debug|x86.ActiveCfg = Debug|x86
		{B9797A7B-D297-4BBA-B54F-13C366CDDE49}.Debug|x86.Build.0 = Debug|x86
		{B9797A7B-D297-4BBA-B54F-13C366CDDE49}.Release|Any CPU.ActiveCfg = Release|Any CPU
		{B9797A7B-D297-4BBA-B54F-13C366CDDE49}.Release|Any CPU.Build.0 = Release|Any CPU
		{B9797A7B-D297-4BBA-B54F-13C366CDDE49}.Release|x64.ActiveCfg = Release|x64
		{B9797A7B-D297-4BBA-B54F-13C366CDDE49}.Release|x64.Build.0 = Release|x64
		{B9797A7B-D297-4BBA-B54F-13C366CDDE49}.Release|x86.ActiveCfg = Release|x86
		{B9797A7B-D297-4BBA-B54F-13C366CDDE49}.Release|x86.Build.0 = Release|x86
		{81E4256F-71E7-48A8-89B6-DE2DDF68FA0C}.Debug|Any CPU.ActiveCfg = Debug|Any CPU
		{81E4256F-71E7-48A8-89B6-DE2DDF68FA0C}.Debug|Any CPU.Build.0 = Debug|Any CPU
		{81E4256F-71E7-48A8-89B6-DE2DDF68FA0C}.Debug|x64.ActiveCfg = Debug|Any CPU
		{81E4256F-71E7-48A8-89B6-DE2DDF68FA0C}.Debug|x64.Build.0 = Debug|Any CPU
		{81E4256F-71E7-48A8-89B6-DE2DDF68FA0C}.Debug|x86.ActiveCfg = Debug|x86
		{81E4256F-71E7-48A8-89B6-DE2DDF68FA0C}.Debug|x86.Build.0 = Debug|x86
		{81E4256F-71E7-48A8-89B6-DE2DDF68FA0C}.Release|Any CPU.ActiveCfg = Release|Any CPU
		{81E4256F-71E7-48A8-89B6-DE2DDF68FA0C}.Release|Any CPU.Build.0 = Release|Any CPU
		{81E4256F-71E7-48A8-89B6-DE2DDF68FA0C}.Release|x64.ActiveCfg = Release|Any CPU
		{81E4256F-71E7-48A8-89B6-DE2DDF68FA0C}.Release|x64.Build.0 = Release|Any CPU
		{81E4256F-71E7-48A8-89B6-DE2DDF68FA0C}.Release|x86.ActiveCfg = Release|x86
		{81E4256F-71E7-48A8-89B6-DE2DDF68FA0C}.Release|x86.Build.0 = Release|x86
		{E8F66FBA-3D3F-442E-9AF7-8892AB2A38DF}.Debug|Any CPU.ActiveCfg = Debug|Any CPU
		{E8F66FBA-3D3F-442E-9AF7-8892AB2A38DF}.Debug|Any CPU.Build.0 = Debug|Any CPU
		{E8F66FBA-3D3F-442E-9AF7-8892AB2A38DF}.Debug|x64.ActiveCfg = Debug|Any CPU
		{E8F66FBA-3D3F-442E-9AF7-8892AB2A38DF}.Debug|x64.Build.0 = Debug|Any CPU
		{E8F66FBA-3D3F-442E-9AF7-8892AB2A38DF}.Debug|x86.ActiveCfg = Debug|Any CPU
		{E8F66FBA-3D3F-442E-9AF7-8892AB2A38DF}.Debug|x86.Build.0 = Debug|Any CPU
		{E8F66FBA-3D3F-442E-9AF7-8892AB2A38DF}.Release|Any CPU.ActiveCfg = Release|Any CPU
		{E8F66FBA-3D3F-442E-9AF7-8892AB2A38DF}.Release|Any CPU.Build.0 = Release|Any CPU
		{E8F66FBA-3D3F-442E-9AF7-8892AB2A38DF}.Release|x64.ActiveCfg = Release|Any CPU
		{E8F66FBA-3D3F-442E-9AF7-8892AB2A38DF}.Release|x64.Build.0 = Release|Any CPU
		{E8F66FBA-3D3F-442E-9AF7-8892AB2A38DF}.Release|x86.ActiveCfg = Release|Any CPU
		{E8F66FBA-3D3F-442E-9AF7-8892AB2A38DF}.Release|x86.Build.0 = Release|Any CPU
		{4EFD5FD1-F206-4297-86EA-498B7BB7CEB7}.Debug|Any CPU.ActiveCfg = Debug|Any CPU
		{4EFD5FD1-F206-4297-86EA-498B7BB7CEB7}.Debug|Any CPU.Build.0 = Debug|Any CPU
		{4EFD5FD1-F206-4297-86EA-498B7BB7CEB7}.Debug|x64.ActiveCfg = Debug|Any CPU
		{4EFD5FD1-F206-4297-86EA-498B7BB7CEB7}.Debug|x64.Build.0 = Debug|Any CPU
		{4EFD5FD1-F206-4297-86EA-498B7BB7CEB7}.Debug|x86.ActiveCfg = Debug|Any CPU
		{4EFD5FD1-F206-4297-86EA-498B7BB7CEB7}.Debug|x86.Build.0 = Debug|Any CPU
		{4EFD5FD1-F206-4297-86EA-498B7BB7CEB7}.Release|Any CPU.ActiveCfg = Release|Any CPU
		{4EFD5FD1-F206-4297-86EA-498B7BB7CEB7}.Release|Any CPU.Build.0 = Release|Any CPU
		{4EFD5FD1-F206-4297-86EA-498B7BB7CEB7}.Release|x64.ActiveCfg = Release|Any CPU
		{4EFD5FD1-F206-4297-86EA-498B7BB7CEB7}.Release|x64.Build.0 = Release|Any CPU
		{4EFD5FD1-F206-4297-86EA-498B7BB7CEB7}.Release|x86.ActiveCfg = Release|Any CPU
		{4EFD5FD1-F206-4297-86EA-498B7BB7CEB7}.Release|x86.Build.0 = Release|Any CPU
		{0EA7806F-0A7E-4FE0-9269-972172111CD3}.Debug|Any CPU.ActiveCfg = Debug|Any CPU
		{0EA7806F-0A7E-4FE0-9269-972172111CD3}.Debug|Any CPU.Build.0 = Debug|Any CPU
		{0EA7806F-0A7E-4FE0-9269-972172111CD3}.Debug|x64.ActiveCfg = Debug|Any CPU
		{0EA7806F-0A7E-4FE0-9269-972172111CD3}.Debug|x64.Build.0 = Debug|Any CPU
		{0EA7806F-0A7E-4FE0-9269-972172111CD3}.Debug|x86.ActiveCfg = Debug|Any CPU
		{0EA7806F-0A7E-4FE0-9269-972172111CD3}.Debug|x86.Build.0 = Debug|Any CPU
		{0EA7806F-0A7E-4FE0-9269-972172111CD3}.Release|Any CPU.ActiveCfg = Release|Any CPU
		{0EA7806F-0A7E-4FE0-9269-972172111CD3}.Release|Any CPU.Build.0 = Release|Any CPU
		{0EA7806F-0A7E-4FE0-9269-972172111CD3}.Release|x64.ActiveCfg = Release|Any CPU
		{0EA7806F-0A7E-4FE0-9269-972172111CD3}.Release|x64.Build.0 = Release|Any CPU
		{0EA7806F-0A7E-4FE0-9269-972172111CD3}.Release|x86.ActiveCfg = Release|Any CPU
		{0EA7806F-0A7E-4FE0-9269-972172111CD3}.Release|x86.Build.0 = Release|Any CPU
		{30DAF786-5635-4371-A620-CD5024534ECC}.Debug|Any CPU.ActiveCfg = Debug|Any CPU
		{30DAF786-5635-4371-A620-CD5024534ECC}.Debug|Any CPU.Build.0 = Debug|Any CPU
		{30DAF786-5635-4371-A620-CD5024534ECC}.Debug|x64.ActiveCfg = Debug|Any CPU
		{30DAF786-5635-4371-A620-CD5024534ECC}.Debug|x64.Build.0 = Debug|Any CPU
		{30DAF786-5635-4371-A620-CD5024534ECC}.Debug|x86.ActiveCfg = Debug|Any CPU
		{30DAF786-5635-4371-A620-CD5024534ECC}.Debug|x86.Build.0 = Debug|Any CPU
		{30DAF786-5635-4371-A620-CD5024534ECC}.Release|Any CPU.ActiveCfg = Release|Any CPU
		{30DAF786-5635-4371-A620-CD5024534ECC}.Release|Any CPU.Build.0 = Release|Any CPU
		{30DAF786-5635-4371-A620-CD5024534ECC}.Release|x64.ActiveCfg = Release|Any CPU
		{30DAF786-5635-4371-A620-CD5024534ECC}.Release|x64.Build.0 = Release|Any CPU
		{30DAF786-5635-4371-A620-CD5024534ECC}.Release|x86.ActiveCfg = Release|Any CPU
		{30DAF786-5635-4371-A620-CD5024534ECC}.Release|x86.Build.0 = Release|Any CPU
		{7ACF79B7-1FBD-41C2-B745-34A0FD93F626}.Debug|Any CPU.ActiveCfg = Debug|Any CPU
		{7ACF79B7-1FBD-41C2-B745-34A0FD93F626}.Debug|Any CPU.Build.0 = Debug|Any CPU
		{7ACF79B7-1FBD-41C2-B745-34A0FD93F626}.Debug|x64.ActiveCfg = Debug|Any CPU
		{7ACF79B7-1FBD-41C2-B745-34A0FD93F626}.Debug|x64.Build.0 = Debug|Any CPU
		{7ACF79B7-1FBD-41C2-B745-34A0FD93F626}.Debug|x86.ActiveCfg = Debug|Any CPU
		{7ACF79B7-1FBD-41C2-B745-34A0FD93F626}.Debug|x86.Build.0 = Debug|Any CPU
		{7ACF79B7-1FBD-41C2-B745-34A0FD93F626}.Release|Any CPU.ActiveCfg = Release|Any CPU
		{7ACF79B7-1FBD-41C2-B745-34A0FD93F626}.Release|Any CPU.Build.0 = Release|Any CPU
		{7ACF79B7-1FBD-41C2-B745-34A0FD93F626}.Release|x64.ActiveCfg = Release|Any CPU
		{7ACF79B7-1FBD-41C2-B745-34A0FD93F626}.Release|x64.Build.0 = Release|Any CPU
		{7ACF79B7-1FBD-41C2-B745-34A0FD93F626}.Release|x86.ActiveCfg = Release|Any CPU
		{7ACF79B7-1FBD-41C2-B745-34A0FD93F626}.Release|x86.Build.0 = Release|Any CPU
		{76055652-64A3-4999-9C40-B5A451484F69}.Debug|Any CPU.ActiveCfg = Debug|Any CPU
		{76055652-64A3-4999-9C40-B5A451484F69}.Debug|Any CPU.Build.0 = Debug|Any CPU
		{76055652-64A3-4999-9C40-B5A451484F69}.Debug|x64.ActiveCfg = Debug|Any CPU
		{76055652-64A3-4999-9C40-B5A451484F69}.Debug|x64.Build.0 = Debug|Any CPU
		{76055652-64A3-4999-9C40-B5A451484F69}.Debug|x86.ActiveCfg = Debug|Any CPU
		{76055652-64A3-4999-9C40-B5A451484F69}.Debug|x86.Build.0 = Debug|Any CPU
		{76055652-64A3-4999-9C40-B5A451484F69}.Release|Any CPU.ActiveCfg = Release|Any CPU
		{76055652-64A3-4999-9C40-B5A451484F69}.Release|Any CPU.Build.0 = Release|Any CPU
		{76055652-64A3-4999-9C40-B5A451484F69}.Release|x64.ActiveCfg = Release|Any CPU
		{76055652-64A3-4999-9C40-B5A451484F69}.Release|x64.Build.0 = Release|Any CPU
		{76055652-64A3-4999-9C40-B5A451484F69}.Release|x86.ActiveCfg = Release|Any CPU
		{76055652-64A3-4999-9C40-B5A451484F69}.Release|x86.Build.0 = Release|Any CPU
		{1CC9AE9E-274D-4762-8C21-AB017E39B765}.Debug|Any CPU.ActiveCfg = Debug|Any CPU
		{1CC9AE9E-274D-4762-8C21-AB017E39B765}.Debug|Any CPU.Build.0 = Debug|Any CPU
		{1CC9AE9E-274D-4762-8C21-AB017E39B765}.Debug|x64.ActiveCfg = Debug|Any CPU
		{1CC9AE9E-274D-4762-8C21-AB017E39B765}.Debug|x64.Build.0 = Debug|Any CPU
		{1CC9AE9E-274D-4762-8C21-AB017E39B765}.Debug|x86.ActiveCfg = Debug|Any CPU
		{1CC9AE9E-274D-4762-8C21-AB017E39B765}.Debug|x86.Build.0 = Debug|Any CPU
		{1CC9AE9E-274D-4762-8C21-AB017E39B765}.Release|Any CPU.ActiveCfg = Release|Any CPU
		{1CC9AE9E-274D-4762-8C21-AB017E39B765}.Release|Any CPU.Build.0 = Release|Any CPU
		{1CC9AE9E-274D-4762-8C21-AB017E39B765}.Release|x64.ActiveCfg = Release|Any CPU
		{1CC9AE9E-274D-4762-8C21-AB017E39B765}.Release|x64.Build.0 = Release|Any CPU
		{1CC9AE9E-274D-4762-8C21-AB017E39B765}.Release|x86.ActiveCfg = Release|Any CPU
		{1CC9AE9E-274D-4762-8C21-AB017E39B765}.Release|x86.Build.0 = Release|Any CPU
		{8BCE55AA-359D-4190-8BC0-F0768420D02F}.Debug|Any CPU.ActiveCfg = Debug|Any CPU
		{8BCE55AA-359D-4190-8BC0-F0768420D02F}.Debug|Any CPU.Build.0 = Debug|Any CPU
		{8BCE55AA-359D-4190-8BC0-F0768420D02F}.Debug|x64.ActiveCfg = Debug|Any CPU
		{8BCE55AA-359D-4190-8BC0-F0768420D02F}.Debug|x64.Build.0 = Debug|Any CPU
		{8BCE55AA-359D-4190-8BC0-F0768420D02F}.Debug|x86.ActiveCfg = Debug|Any CPU
		{8BCE55AA-359D-4190-8BC0-F0768420D02F}.Debug|x86.Build.0 = Debug|Any CPU
		{8BCE55AA-359D-4190-8BC0-F0768420D02F}.Release|Any CPU.ActiveCfg = Release|Any CPU
		{8BCE55AA-359D-4190-8BC0-F0768420D02F}.Release|Any CPU.Build.0 = Release|Any CPU
		{8BCE55AA-359D-4190-8BC0-F0768420D02F}.Release|x64.ActiveCfg = Release|Any CPU
		{8BCE55AA-359D-4190-8BC0-F0768420D02F}.Release|x64.Build.0 = Release|Any CPU
		{8BCE55AA-359D-4190-8BC0-F0768420D02F}.Release|x86.ActiveCfg = Release|Any CPU
		{8BCE55AA-359D-4190-8BC0-F0768420D02F}.Release|x86.Build.0 = Release|Any CPU
		{39C3F9CA-A3B7-46C4-9314-677EB3353BA8}.Debug|Any CPU.ActiveCfg = Debug|Any CPU
		{39C3F9CA-A3B7-46C4-9314-677EB3353BA8}.Debug|Any CPU.Build.0 = Debug|Any CPU
		{39C3F9CA-A3B7-46C4-9314-677EB3353BA8}.Debug|x64.ActiveCfg = Debug|Any CPU
		{39C3F9CA-A3B7-46C4-9314-677EB3353BA8}.Debug|x64.Build.0 = Debug|Any CPU
		{39C3F9CA-A3B7-46C4-9314-677EB3353BA8}.Debug|x86.ActiveCfg = Debug|Any CPU
		{39C3F9CA-A3B7-46C4-9314-677EB3353BA8}.Debug|x86.Build.0 = Debug|Any CPU
		{39C3F9CA-A3B7-46C4-9314-677EB3353BA8}.Release|Any CPU.ActiveCfg = Release|Any CPU
		{39C3F9CA-A3B7-46C4-9314-677EB3353BA8}.Release|Any CPU.Build.0 = Release|Any CPU
		{39C3F9CA-A3B7-46C4-9314-677EB3353BA8}.Release|x64.ActiveCfg = Release|Any CPU
		{39C3F9CA-A3B7-46C4-9314-677EB3353BA8}.Release|x64.Build.0 = Release|Any CPU
		{39C3F9CA-A3B7-46C4-9314-677EB3353BA8}.Release|x86.ActiveCfg = Release|Any CPU
		{39C3F9CA-A3B7-46C4-9314-677EB3353BA8}.Release|x86.Build.0 = Release|Any CPU
		{C58A5BB6-E276-4A3D-B99B-2F9A92F37BA5}.Debug|Any CPU.ActiveCfg = Debug|Any CPU
		{C58A5BB6-E276-4A3D-B99B-2F9A92F37BA5}.Debug|Any CPU.Build.0 = Debug|Any CPU
		{C58A5BB6-E276-4A3D-B99B-2F9A92F37BA5}.Debug|x64.ActiveCfg = Debug|Any CPU
		{C58A5BB6-E276-4A3D-B99B-2F9A92F37BA5}.Debug|x64.Build.0 = Debug|Any CPU
		{C58A5BB6-E276-4A3D-B99B-2F9A92F37BA5}.Debug|x86.ActiveCfg = Debug|Any CPU
		{C58A5BB6-E276-4A3D-B99B-2F9A92F37BA5}.Debug|x86.Build.0 = Debug|Any CPU
		{C58A5BB6-E276-4A3D-B99B-2F9A92F37BA5}.Release|Any CPU.ActiveCfg = Release|Any CPU
		{C58A5BB6-E276-4A3D-B99B-2F9A92F37BA5}.Release|Any CPU.Build.0 = Release|Any CPU
		{C58A5BB6-E276-4A3D-B99B-2F9A92F37BA5}.Release|x64.ActiveCfg = Release|Any CPU
		{C58A5BB6-E276-4A3D-B99B-2F9A92F37BA5}.Release|x64.Build.0 = Release|Any CPU
		{C58A5BB6-E276-4A3D-B99B-2F9A92F37BA5}.Release|x86.ActiveCfg = Release|Any CPU
		{C58A5BB6-E276-4A3D-B99B-2F9A92F37BA5}.Release|x86.Build.0 = Release|Any CPU
		{60BDBCBA-A65D-4C7A-B773-B901AA9B359C}.Debug|Any CPU.ActiveCfg = Debug|Any CPU
		{60BDBCBA-A65D-4C7A-B773-B901AA9B359C}.Debug|Any CPU.Build.0 = Debug|Any CPU
		{60BDBCBA-A65D-4C7A-B773-B901AA9B359C}.Debug|x64.ActiveCfg = Debug|Any CPU
		{60BDBCBA-A65D-4C7A-B773-B901AA9B359C}.Debug|x64.Build.0 = Debug|Any CPU
		{60BDBCBA-A65D-4C7A-B773-B901AA9B359C}.Debug|x86.ActiveCfg = Debug|Any CPU
		{60BDBCBA-A65D-4C7A-B773-B901AA9B359C}.Debug|x86.Build.0 = Debug|Any CPU
		{60BDBCBA-A65D-4C7A-B773-B901AA9B359C}.Release|Any CPU.ActiveCfg = Release|Any CPU
		{60BDBCBA-A65D-4C7A-B773-B901AA9B359C}.Release|Any CPU.Build.0 = Release|Any CPU
		{60BDBCBA-A65D-4C7A-B773-B901AA9B359C}.Release|x64.ActiveCfg = Release|Any CPU
		{60BDBCBA-A65D-4C7A-B773-B901AA9B359C}.Release|x64.Build.0 = Release|Any CPU
		{60BDBCBA-A65D-4C7A-B773-B901AA9B359C}.Release|x86.ActiveCfg = Release|Any CPU
		{60BDBCBA-A65D-4C7A-B773-B901AA9B359C}.Release|x86.Build.0 = Release|Any CPU
		{C12559B9-4AAC-48CD-B088-1CD6E60916BA}.Debug|Any CPU.ActiveCfg = Debug|Any CPU
		{C12559B9-4AAC-48CD-B088-1CD6E60916BA}.Debug|Any CPU.Build.0 = Debug|Any CPU
		{C12559B9-4AAC-48CD-B088-1CD6E60916BA}.Debug|Any CPU.Deploy.0 = Debug|Any CPU
		{C12559B9-4AAC-48CD-B088-1CD6E60916BA}.Debug|x64.ActiveCfg = Debug|Any CPU
		{C12559B9-4AAC-48CD-B088-1CD6E60916BA}.Debug|x64.Build.0 = Debug|Any CPU
		{C12559B9-4AAC-48CD-B088-1CD6E60916BA}.Debug|x64.Deploy.0 = Debug|Any CPU
		{C12559B9-4AAC-48CD-B088-1CD6E60916BA}.Debug|x86.ActiveCfg = Debug|Any CPU
		{C12559B9-4AAC-48CD-B088-1CD6E60916BA}.Debug|x86.Build.0 = Debug|Any CPU
		{C12559B9-4AAC-48CD-B088-1CD6E60916BA}.Debug|x86.Deploy.0 = Debug|Any CPU
		{C12559B9-4AAC-48CD-B088-1CD6E60916BA}.Release|Any CPU.ActiveCfg = Release|Any CPU
		{C12559B9-4AAC-48CD-B088-1CD6E60916BA}.Release|Any CPU.Build.0 = Release|Any CPU
		{C12559B9-4AAC-48CD-B088-1CD6E60916BA}.Release|Any CPU.Deploy.0 = Release|Any CPU
		{C12559B9-4AAC-48CD-B088-1CD6E60916BA}.Release|x64.ActiveCfg = Release|Any CPU
		{C12559B9-4AAC-48CD-B088-1CD6E60916BA}.Release|x64.Build.0 = Release|Any CPU
		{C12559B9-4AAC-48CD-B088-1CD6E60916BA}.Release|x64.Deploy.0 = Release|Any CPU
		{C12559B9-4AAC-48CD-B088-1CD6E60916BA}.Release|x86.ActiveCfg = Release|Any CPU
		{C12559B9-4AAC-48CD-B088-1CD6E60916BA}.Release|x86.Build.0 = Release|Any CPU
		{C12559B9-4AAC-48CD-B088-1CD6E60916BA}.Release|x86.Deploy.0 = Release|Any CPU
	EndGlobalSection
	GlobalSection(SolutionProperties) = preSolution
		HideSolutionNode = FALSE
	EndGlobalSection
	GlobalSection(ExtensibilityGlobals) = postSolution
		SolutionGuid = {31C9C883-4433-4FB5-A070-860CCCB83088}
	EndGlobalSection
EndGlobal
