
Microsoft Visual Studio Solution File, Format Version 12.00
# Visual Studio Version 17
VisualStudioVersion = 17.0.31903.59
MinimumVisualStudioVersion = 10.0.40219.1
Project("{9A19103F-16F7-4668-BE54-9A1E7A4F7556}") = "DDTV_Core", "DDTV_Core\DDTV_Core.csproj", "{44093B5D-8645-43F0-A37B-298B5A86CF44}"
EndProject
Project("{2150E333-8FDC-42A3-9474-1A3956D46DE8}") = "Solution Items", "Solution Items", "{3E47FBBA-EE75-4959-B060-A31FF1AF53C1}"
	ProjectSection(SolutionItems) = preProject
		.editorconfig = .editorconfig
	EndProjectSection
EndProject
Project("{9A19103F-16F7-4668-BE54-9A1E7A4F7556}") = "DDTV_CLI", "DDTV_CLI\DDTV_CLI.csproj", "{5E93B384-B5F7-413C-BFF7-99A43B2CAAAB}"
EndProject
Project("{9A19103F-16F7-4668-BE54-9A1E7A4F7556}") = "DDTV_GUI", "DDTV_GUI\DDTV_GUI.csproj", "{5E119F8F-CCB5-425F-8EAC-738F230247E2}"
EndProject
Project("{9A19103F-16F7-4668-BE54-9A1E7A4F7556}") = "DDTV_WEB_API", "DDTV_WEB_API\DDTV_WEB_API.csproj", "{8014D09E-4939-4800-B0DA-1B284B66D6B7}"
EndProject
Project("{9A19103F-16F7-4668-BE54-9A1E7A4F7556}") = "DDTV_TEST", "DDTV_TEST\DDTV_TEST.csproj", "{D449807C-229D-4DAB-9E51-423EBBF1C4B7}"
EndProject
Project("{9A19103F-16F7-4668-BE54-9A1E7A4F7556}") = "DDTV_Server", "DDTV_Server\DDTV_Server.csproj", "{670E287C-2EEB-493F-913A-B2E6A222804D}"
EndProject
Project("{FAE04EC0-301F-11D3-BF4B-00C04F79EFBC}") = "DDTV_Update", "DDTV_Update\DDTV_Update.csproj", "{6971FDFF-E487-42B3-81BA-924313354CC0}"
EndProject
Project("{FAE04EC0-301F-11D3-BF4B-00C04F79EFBC}") = "DDTV_Push", "DDTV_Push\DDTV_Push.csproj", "{CDC42E53-459F-472A-AFE4-D7DBF428B113}"
EndProject
Global
	GlobalSection(SolutionConfigurationPlatforms) = preSolution
		Debug|Any CPU = Debug|Any CPU
		Release|Any CPU = Release|Any CPU
	EndGlobalSection
	GlobalSection(ProjectConfigurationPlatforms) = postSolution
		{44093B5D-8645-43F0-A37B-298B5A86CF44}.Debug|Any CPU.ActiveCfg = Debug|Any CPU
		{44093B5D-8645-43F0-A37B-298B5A86CF44}.Debug|Any CPU.Build.0 = Debug|Any CPU
		{44093B5D-8645-43F0-A37B-298B5A86CF44}.Release|Any CPU.ActiveCfg = Release|Any CPU
		{44093B5D-8645-43F0-A37B-298B5A86CF44}.Release|Any CPU.Build.0 = Release|Any CPU
		{5E93B384-B5F7-413C-BFF7-99A43B2CAAAB}.Debug|Any CPU.ActiveCfg = Debug|Any CPU
		{5E93B384-B5F7-413C-BFF7-99A43B2CAAAB}.Debug|Any CPU.Build.0 = Debug|Any CPU
		{5E93B384-B5F7-413C-BFF7-99A43B2CAAAB}.Release|Any CPU.ActiveCfg = Release|Any CPU
		{5E93B384-B5F7-413C-BFF7-99A43B2CAAAB}.Release|Any CPU.Build.0 = Release|Any CPU
		{5E119F8F-CCB5-425F-8EAC-738F230247E2}.Debug|Any CPU.ActiveCfg = Debug|Any CPU
		{5E119F8F-CCB5-425F-8EAC-738F230247E2}.Debug|Any CPU.Build.0 = Debug|Any CPU
		{5E119F8F-CCB5-425F-8EAC-738F230247E2}.Release|Any CPU.ActiveCfg = Release|Any CPU
		{5E119F8F-CCB5-425F-8EAC-738F230247E2}.Release|Any CPU.Build.0 = Release|Any CPU
		{8014D09E-4939-4800-B0DA-1B284B66D6B7}.Debug|Any CPU.ActiveCfg = Debug|Any CPU
		{8014D09E-4939-4800-B0DA-1B284B66D6B7}.Debug|Any CPU.Build.0 = Debug|Any CPU
		{8014D09E-4939-4800-B0DA-1B284B66D6B7}.Release|Any CPU.ActiveCfg = Release|Any CPU
		{8014D09E-4939-4800-B0DA-1B284B66D6B7}.Release|Any CPU.Build.0 = Release|Any CPU
		{D449807C-229D-4DAB-9E51-423EBBF1C4B7}.Debug|Any CPU.ActiveCfg = Debug|Any CPU
		{D449807C-229D-4DAB-9E51-423EBBF1C4B7}.Debug|Any CPU.Build.0 = Debug|Any CPU
		{D449807C-229D-4DAB-9E51-423EBBF1C4B7}.Release|Any CPU.ActiveCfg = Release|Any CPU
		{D449807C-229D-4DAB-9E51-423EBBF1C4B7}.Release|Any CPU.Build.0 = Release|Any CPU
		{670E287C-2EEB-493F-913A-B2E6A222804D}.Debug|Any CPU.ActiveCfg = Debug|Any CPU
		{670E287C-2EEB-493F-913A-B2E6A222804D}.Debug|Any CPU.Build.0 = Debug|Any CPU
		{670E287C-2EEB-493F-913A-B2E6A222804D}.Release|Any CPU.ActiveCfg = Release|Any CPU
		{670E287C-2EEB-493F-913A-B2E6A222804D}.Release|Any CPU.Build.0 = Release|Any CPU
		{6971FDFF-E487-42B3-81BA-924313354CC0}.Debug|Any CPU.ActiveCfg = Debug|Any CPU
		{6971FDFF-E487-42B3-81BA-924313354CC0}.Debug|Any CPU.Build.0 = Debug|Any CPU
		{6971FDFF-E487-42B3-81BA-924313354CC0}.Release|Any CPU.ActiveCfg = Release|Any CPU
		{6971FDFF-E487-42B3-81BA-924313354CC0}.Release|Any CPU.Build.0 = Release|Any CPU
		{CDC42E53-459F-472A-AFE4-D7DBF428B113}.Debug|Any CPU.ActiveCfg = Debug|Any CPU
		{CDC42E53-459F-472A-AFE4-D7DBF428B113}.Debug|Any CPU.Build.0 = Debug|Any CPU
		{CDC42E53-459F-472A-AFE4-D7DBF428B113}.Release|Any CPU.ActiveCfg = Release|Any CPU
		{CDC42E53-459F-472A-AFE4-D7DBF428B113}.Release|Any CPU.Build.0 = Release|Any CPU
	EndGlobalSection
	GlobalSection(SolutionProperties) = preSolution
		HideSolutionNode = FALSE
	EndGlobalSection
	GlobalSection(ExtensibilityGlobals) = postSolution
		SolutionGuid = {31C9C883-4433-4FB5-A070-860CCCB83088}
	EndGlobalSection
EndGlobal
