
Microsoft Visual Studio Solution File, Format Version 12.00
# Visual Studio Version 17
VisualStudioVersion = 17.5.002.0
MinimumVisualStudioVersion = 10.0.40219.1
Project("{9A19103F-16F7-4668-BE54-9A1E7A4F7556}") = "Desktop", "Desktop.csproj", "{30119BCA-0C9A-4C6C-BDBC-2117DBB51488}"
EndProject
Global
	GlobalSection(SolutionConfigurationPlatforms) = preSolution
		Debug|Any CPU = Debug|Any CPU
		Release|Any CPU = Release|Any CPU
	EndGlobalSection
	GlobalSection(ProjectConfigurationPlatforms) = postSolution
		{30119BCA-0C9A-4C6C-BDBC-2117DBB51488}.Debug|Any CPU.ActiveCfg = Debug|Any CPU
		{30119BCA-0C9A-4C6C-BDBC-2117DBB51488}.Debug|Any CPU.Build.0 = Debug|Any CPU
		{30119BCA-0C9A-4C6C-BDBC-2117DBB51488}.Release|Any CPU.ActiveCfg = Release|Any CPU
		{30119BCA-0C9A-4C6C-BDBC-2117DBB51488}.Release|Any CPU.Build.0 = Release|Any CPU
	EndGlobalSection
	GlobalSection(SolutionProperties) = preSolution
		HideSolutionNode = FALSE
	EndGlobalSection
	GlobalSection(ExtensibilityGlobals) = postSolution
		SolutionGuid = {64ADE224-2D19-4071-8702-0EB53F710429}
	EndGlobalSection
EndGlobal
